
Microsoft Visual Studio Solution File, Format Version 12.00
# Visual Studio Version 16
VisualStudioVersion = 16.0.29306.81
MinimumVisualStudioVersion = 10.0.40219.1
Project("{FAE04EC0-301F-11D3-BF4B-00C04F79EFBC}") = "WpfApp15", "SpeechTestDemo\WpfApp15.csproj", "{81AB306F-5D7B-42D1-96E1-7CFB80F6282D}"
EndProject
Global
	GlobalSection(SolutionConfigurationPlatforms) = preSolution
		Debug|Any CPU = Debug|Any CPU
		Release|Any CPU = Release|Any CPU
	EndGlobalSection
	GlobalSection(ProjectConfigurationPlatforms) = postSolution
		{81AB306F-5D7B-42D1-96E1-7CFB80F6282D}.Debug|Any CPU.ActiveCfg = Debug|Any CPU
		{81AB306F-5D7B-42D1-96E1-7CFB80F6282D}.Debug|Any CPU.Build.0 = Debug|Any CPU
		{81AB306F-5D7B-42D1-96E1-7CFB80F6282D}.Release|Any CPU.ActiveCfg = Release|Any CPU
		{81AB306F-5D7B-42D1-96E1-7CFB80F6282D}.Release|Any CPU.Build.0 = Release|Any CPU
	EndGlobalSection
	GlobalSection(SolutionProperties) = preSolution
		HideSolutionNode = FALSE
	EndGlobalSection
	GlobalSection(ExtensibilityGlobals) = postSolution
		SolutionGuid = {62DA7152-037F-4CC9-8731-306BB3125663}
	EndGlobalSection
EndGlobal
